
Microsoft Visual Studio Solution File, Format Version 12.00
# Visual Studio Version 17
VisualStudioVersion = 17.6.33723.286
MinimumVisualStudioVersion = 10.0.40219.1
Project("{9A19103F-16F7-4668-BE54-9A1E7A4F7556}") = "01-SimpleDelegate", "01-SimpleDelegate\01-SimpleDelegate.csproj", "{092E4650-C543-4C3C-8AA9-F262C24ADD9D}"
EndProject
Project("{9A19103F-16F7-4668-BE54-9A1E7A4F7556}") = "02-SendingStateThroughDelegate", "02-SendingStateThroughDelegate\02-SendingStateThroughDelegate.csproj", "{A2049803-AD0E-400A-B516-12509ECD25E2}"
EndProject
Project("{9A19103F-16F7-4668-BE54-9A1E7A4F7556}") = "03-GenericDelegate", "03-GenericDelegate\03-GenericDelegate.csproj", "{5F054F26-8A75-415A-A208-862CCD418942}"
EndProject
Project("{9A19103F-16F7-4668-BE54-9A1E7A4F7556}") = "04-ActionFuncDelegate", "04-ActionFuncDelegate\04-ActionFuncDelegate.csproj", "{701B6553-5D2B-4FAF-AE26-B70216AC0F3F}"
EndProject
Project("{FAE04EC0-301F-11D3-BF4B-00C04F79EFBC}") = "05-EventExample", "05-EventExample\05-EventExample.csproj", "{42A03A16-0908-49E0-9A25-DA6D921973D7}"
EndProject
Global
	GlobalSection(SolutionConfigurationPlatforms) = preSolution
		Debug|Any CPU = Debug|Any CPU
		Release|Any CPU = Release|Any CPU
	EndGlobalSection
	GlobalSection(ProjectConfigurationPlatforms) = postSolution
		{092E4650-C543-4C3C-8AA9-F262C24ADD9D}.Debug|Any CPU.ActiveCfg = Debug|Any CPU
		{092E4650-C543-4C3C-8AA9-F262C24ADD9D}.Debug|Any CPU.Build.0 = Debug|Any CPU
		{092E4650-C543-4C3C-8AA9-F262C24ADD9D}.Release|Any CPU.ActiveCfg = Release|Any CPU
		{092E4650-C543-4C3C-8AA9-F262C24ADD9D}.Release|Any CPU.Build.0 = Release|Any CPU
		{A2049803-AD0E-400A-B516-12509ECD25E2}.Debug|Any CPU.ActiveCfg = Debug|Any CPU
		{A2049803-AD0E-400A-B516-12509ECD25E2}.Debug|Any CPU.Build.0 = Debug|Any CPU
		{A2049803-AD0E-400A-B516-12509ECD25E2}.Release|Any CPU.ActiveCfg = Release|Any CPU
		{A2049803-AD0E-400A-B516-12509ECD25E2}.Release|Any CPU.Build.0 = Release|Any CPU
		{5F054F26-8A75-415A-A208-862CCD418942}.Debug|Any CPU.ActiveCfg = Debug|Any CPU
		{5F054F26-8A75-415A-A208-862CCD418942}.Debug|Any CPU.Build.0 = Debug|Any CPU
		{5F054F26-8A75-415A-A208-862CCD418942}.Release|Any CPU.ActiveCfg = Release|Any CPU
		{5F054F26-8A75-415A-A208-862CCD418942}.Release|Any CPU.Build.0 = Release|Any CPU
		{701B6553-5D2B-4FAF-AE26-B70216AC0F3F}.Debug|Any CPU.ActiveCfg = Debug|Any CPU
		{701B6553-5D2B-4FAF-AE26-B70216AC0F3F}.Debug|Any CPU.Build.0 = Debug|Any CPU
		{701B6553-5D2B-4FAF-AE26-B70216AC0F3F}.Release|Any CPU.ActiveCfg = Release|Any CPU
		{701B6553-5D2B-4FAF-AE26-B70216AC0F3F}.Release|Any CPU.Build.0 = Release|Any CPU
		{42A03A16-0908-49E0-9A25-DA6D921973D7}.Debug|Any CPU.ActiveCfg = Debug|Any CPU
		{42A03A16-0908-49E0-9A25-DA6D921973D7}.Debug|Any CPU.Build.0 = Debug|Any CPU
		{42A03A16-0908-49E0-9A25-DA6D921973D7}.Release|Any CPU.ActiveCfg = Release|Any CPU
		{42A03A16-0908-49E0-9A25-DA6D921973D7}.Release|Any CPU.Build.0 = Release|Any CPU
	EndGlobalSection
	GlobalSection(SolutionProperties) = preSolution
		HideSolutionNode = FALSE
	EndGlobalSection
	GlobalSection(ExtensibilityGlobals) = postSolution
		SolutionGuid = {6CB59D3D-B79C-498C-9141-B7064B536EF9}
	EndGlobalSection
EndGlobal
